
Microsoft Visual Studio Solution File, Format Version 12.00
# Visual Studio Version 16
VisualStudioVersion = 16.0.30717.126
MinimumVisualStudioVersion = 10.0.40219.1
Project("{FAE04EC0-301F-11D3-BF4B-00C04F79EFBC}") = "Projet_Xamarin_V1.Android", "Projet_Xamarin_V1\Projet_Xamarin_V1.Android\Projet_Xamarin_V1.Android.csproj", "{1C306095-78D4-4C49-93A3-9EFE13FD70BF}"
EndProject
Project("{FAE04EC0-301F-11D3-BF4B-00C04F79EFBC}") = "Projet_Xamarin_V1", "Projet_Xamarin_V1\Projet_Xamarin_V1\Projet_Xamarin_V1.csproj", "{B8C8DD58-ECA4-469F-A449-C53CC892B217}"
EndProject
Global
	GlobalSection(SolutionConfigurationPlatforms) = preSolution
		Debug|Any CPU = Debug|Any CPU
		Release|Any CPU = Release|Any CPU
	EndGlobalSection
	GlobalSection(ProjectConfigurationPlatforms) = postSolution
		{1C306095-78D4-4C49-93A3-9EFE13FD70BF}.Debug|Any CPU.ActiveCfg = Debug|Any CPU
		{1C306095-78D4-4C49-93A3-9EFE13FD70BF}.Debug|Any CPU.Build.0 = Debug|Any CPU
		{1C306095-78D4-4C49-93A3-9EFE13FD70BF}.Debug|Any CPU.Deploy.0 = Debug|Any CPU
		{1C306095-78D4-4C49-93A3-9EFE13FD70BF}.Release|Any CPU.ActiveCfg = Release|Any CPU
		{1C306095-78D4-4C49-93A3-9EFE13FD70BF}.Release|Any CPU.Build.0 = Release|Any CPU
		{1C306095-78D4-4C49-93A3-9EFE13FD70BF}.Release|Any CPU.Deploy.0 = Release|Any CPU
		{B8C8DD58-ECA4-469F-A449-C53CC892B217}.Debug|Any CPU.ActiveCfg = Debug|Any CPU
		{B8C8DD58-ECA4-469F-A449-C53CC892B217}.Debug|Any CPU.Build.0 = Debug|Any CPU
		{B8C8DD58-ECA4-469F-A449-C53CC892B217}.Debug|Any CPU.Deploy.0 = Debug|Any CPU
		{B8C8DD58-ECA4-469F-A449-C53CC892B217}.Release|Any CPU.ActiveCfg = Release|Any CPU
		{B8C8DD58-ECA4-469F-A449-C53CC892B217}.Release|Any CPU.Build.0 = Release|Any CPU
		{B8C8DD58-ECA4-469F-A449-C53CC892B217}.Release|Any CPU.Deploy.0 = Release|Any CPU
	EndGlobalSection
	GlobalSection(SolutionProperties) = preSolution
		HideSolutionNode = FALSE
	EndGlobalSection
	GlobalSection(ExtensibilityGlobals) = postSolution
		SolutionGuid = {D542595B-CE4D-41E9-AB9E-8C2BF1D94DC8}
	EndGlobalSection
EndGlobal
